
Microsoft Visual Studio Solution File, Format Version 12.00
# Visual Studio Version 17
VisualStudioVersion = 17.9.34616.47
MinimumVisualStudioVersion = 10.0.40219.1
Project("{2150E333-8FDC-42A3-9474-1A3956D46DE8}") = "src", "src", "{3A50A7DD-EC8D-4373-A055-3F2DE42D3643}"
EndProject
Project("{9A19103F-16F7-4668-BE54-9A1E7A4F7556}") = "EcoLefty.Domain", "EcoLefty.Domain\EcoLefty.Domain.csproj", "{8E0B0AD7-56CF-400A-8296-F40C0F02E065}"
EndProject
Project("{9A19103F-16F7-4668-BE54-9A1E7A4F7556}") = "EcoLefty.Application", "EcoLefty.Application\EcoLefty.Application.csproj", "{209AC784-8A00-4774-ADB4-38EBFD148854}"
EndProject
Project("{9A19103F-16F7-4668-BE54-9A1E7A4F7556}") = "EcoLefty.Infrastructure", "EcoLefty.Infrastructure\EcoLefty.Infrastructure.csproj", "{C48AE133-B539-45AA-9199-55AE822001B0}"
EndProject
Project("{9A19103F-16F7-4668-BE54-9A1E7A4F7556}") = "EcoLefty.Persistence", "EcoLefty.Persistence\EcoLefty.Persistence.csproj", "{11C21772-B9AF-4E20-8852-03E8C05FABD0}"
EndProject
Project("{2150E333-8FDC-42A3-9474-1A3956D46DE8}") = "Presentation", "Presentation", "{DB4D55E4-3323-47AD-A17C-9C015825DD71}"
EndProject
Project("{9A19103F-16F7-4668-BE54-9A1E7A4F7556}") = "EcoLefty.API", "EcoLefty.API\EcoLefty.API.csproj", "{D7ECD964-5E12-46A9-A019-E95413C096E8}"
EndProject
Project("{FAE04EC0-301F-11D3-BF4B-00C04F79EFBC}") = "EcoLefty.Web", "EcoLefty.Web\EcoLefty.Web.csproj", "{62BE7485-2EE8-4AF7-9B4D-CC6BC34CD32E}"
EndProject
Global
	GlobalSection(SolutionConfigurationPlatforms) = preSolution
		Debug|Any CPU = Debug|Any CPU
		Release|Any CPU = Release|Any CPU
	EndGlobalSection
	GlobalSection(ProjectConfigurationPlatforms) = postSolution
		{8E0B0AD7-56CF-400A-8296-F40C0F02E065}.Debug|Any CPU.ActiveCfg = Debug|Any CPU
		{8E0B0AD7-56CF-400A-8296-F40C0F02E065}.Debug|Any CPU.Build.0 = Debug|Any CPU
		{8E0B0AD7-56CF-400A-8296-F40C0F02E065}.Release|Any CPU.ActiveCfg = Release|Any CPU
		{8E0B0AD7-56CF-400A-8296-F40C0F02E065}.Release|Any CPU.Build.0 = Release|Any CPU
		{209AC784-8A00-4774-ADB4-38EBFD148854}.Debug|Any CPU.ActiveCfg = Debug|Any CPU
		{209AC784-8A00-4774-ADB4-38EBFD148854}.Debug|Any CPU.Build.0 = Debug|Any CPU
		{209AC784-8A00-4774-ADB4-38EBFD148854}.Release|Any CPU.ActiveCfg = Release|Any CPU
		{209AC784-8A00-4774-ADB4-38EBFD148854}.Release|Any CPU.Build.0 = Release|Any CPU
		{C48AE133-B539-45AA-9199-55AE822001B0}.Debug|Any CPU.ActiveCfg = Debug|Any CPU
		{C48AE133-B539-45AA-9199-55AE822001B0}.Debug|Any CPU.Build.0 = Debug|Any CPU
		{C48AE133-B539-45AA-9199-55AE822001B0}.Release|Any CPU.ActiveCfg = Release|Any CPU
		{C48AE133-B539-45AA-9199-55AE822001B0}.Release|Any CPU.Build.0 = Release|Any CPU
		{11C21772-B9AF-4E20-8852-03E8C05FABD0}.Debug|Any CPU.ActiveCfg = Debug|Any CPU
		{11C21772-B9AF-4E20-8852-03E8C05FABD0}.Debug|Any CPU.Build.0 = Debug|Any CPU
		{11C21772-B9AF-4E20-8852-03E8C05FABD0}.Release|Any CPU.ActiveCfg = Release|Any CPU
		{11C21772-B9AF-4E20-8852-03E8C05FABD0}.Release|Any CPU.Build.0 = Release|Any CPU
		{D7ECD964-5E12-46A9-A019-E95413C096E8}.Debug|Any CPU.ActiveCfg = Debug|Any CPU
		{D7ECD964-5E12-46A9-A019-E95413C096E8}.Debug|Any CPU.Build.0 = Debug|Any CPU
		{D7ECD964-5E12-46A9-A019-E95413C096E8}.Release|Any CPU.ActiveCfg = Release|Any CPU
		{D7ECD964-5E12-46A9-A019-E95413C096E8}.Release|Any CPU.Build.0 = Release|Any CPU
		{62BE7485-2EE8-4AF7-9B4D-CC6BC34CD32E}.Debug|Any CPU.ActiveCfg = Debug|Any CPU
		{62BE7485-2EE8-4AF7-9B4D-CC6BC34CD32E}.Debug|Any CPU.Build.0 = Debug|Any CPU
		{62BE7485-2EE8-4AF7-9B4D-CC6BC34CD32E}.Release|Any CPU.ActiveCfg = Release|Any CPU
		{62BE7485-2EE8-4AF7-9B4D-CC6BC34CD32E}.Release|Any CPU.Build.0 = Release|Any CPU
	EndGlobalSection
	GlobalSection(SolutionProperties) = preSolution
		HideSolutionNode = FALSE
	EndGlobalSection
	GlobalSection(NestedProjects) = preSolution
		{8E0B0AD7-56CF-400A-8296-F40C0F02E065} = {3A50A7DD-EC8D-4373-A055-3F2DE42D3643}
		{209AC784-8A00-4774-ADB4-38EBFD148854} = {3A50A7DD-EC8D-4373-A055-3F2DE42D3643}
		{C48AE133-B539-45AA-9199-55AE822001B0} = {3A50A7DD-EC8D-4373-A055-3F2DE42D3643}
		{11C21772-B9AF-4E20-8852-03E8C05FABD0} = {3A50A7DD-EC8D-4373-A055-3F2DE42D3643}
		{DB4D55E4-3323-47AD-A17C-9C015825DD71} = {3A50A7DD-EC8D-4373-A055-3F2DE42D3643}
		{D7ECD964-5E12-46A9-A019-E95413C096E8} = {DB4D55E4-3323-47AD-A17C-9C015825DD71}
		{62BE7485-2EE8-4AF7-9B4D-CC6BC34CD32E} = {DB4D55E4-3323-47AD-A17C-9C015825DD71}
	EndGlobalSection
	GlobalSection(ExtensibilityGlobals) = postSolution
		SolutionGuid = {060134EF-7B9A-40C2-8231-6F8C70FBF250}
	EndGlobalSection
EndGlobal
